{
  "projects": [
    {
      "projectId": "8d21MsEaFrjU1q6tvNDHvf",
      "version": "latest",
      "dependencies": {
        "caTPwKxj5ZrD9LQ7DMdK4Z": "3.45.0"
      },
      "lang": "ts",
      "fileLocks": [
        {
          "type": "globalVariant",
          "assetId": "9hyy9kzWn8qX",
          "checksum": "e37ea200482aa7b4124cc79e4fd24c60"
        },
        {
          "type": "renderModule",
          "assetId": "naIXsK3v5aem",
          "checksum": "8d7589ed7ba650a954a632a8219af337"
        },
        {
          "type": "cssRules",
          "assetId": "naIXsK3v5aem",
          "checksum": "8d7589ed7ba650a954a632a8219af337"
        },
        {
          "type": "image",
          "assetId": "_xhZJYsVVryJ",
          "checksum": "85e07fb77aa2e4e9cb41e3a09957e97f"
        },
        {
          "type": "image",
          "assetId": "j8w45dtUW_G7",
          "checksum": "6285adfd306ded83a7ebaaa903b481a4"
        },
        {
          "type": "image",
          "assetId": "zM0W2OAHrCye",
          "checksum": "0293324064bc38ffaa0394fcf688e84b"
        },
        {
          "type": "image",
          "assetId": "Km1cvc606hw_",
          "checksum": "2de0db75c43a294cfa6002eeb0e049d8"
        },
        {
          "type": "image",
          "assetId": "n4YMfR2vg50H",
          "checksum": "1bc2aa67d69029e82079a1badfed95d3"
        },
        {
          "type": "image",
          "assetId": "GKTFFg0W6Ghi",
          "checksum": "d47034dc6ec9e658d5fed4d400dabb09"
        },
        {
          "type": "image",
          "assetId": "W6DfuZdEw3dI",
          "checksum": "57601522acdcb0b7bf453bdee20b8c18"
        },
        {
          "type": "image",
          "assetId": "Qu3ePH1zT8xK",
          "checksum": "16e7ee5d675c382f6340dd64f561e9ab"
        },
        {
          "type": "image",
          "assetId": "1xCjpfkcJzyF",
          "checksum": "5255a58bacd880260e8ce102f4d8a18c"
        },
        {
          "type": "image",
          "assetId": "rhfhrYbXr0Ac",
          "checksum": "d5802d8861a9abb35f9e2213c185f23e"
        },
        {
          "type": "image",
          "assetId": "SaSqd2P8CzJa",
          "checksum": "30f6fd03001e34642e04509c38647908"
        },
        {
          "type": "image",
          "assetId": "uggnEUUegoDF",
          "checksum": "c93429cc58e7cd96ecaf601e1717d03f"
        },
        {
          "type": "image",
          "assetId": "kHLf1tz0Gaee",
          "checksum": "28591954301ee8dd2f22a905efbdb461"
        },
        {
          "type": "image",
          "assetId": "4iRaGC0XuEEn",
          "checksum": "87e5036526f2d9284de754f05c1e7324"
        },
        {
          "type": "image",
          "assetId": "wJoJD9h1nb9B",
          "checksum": "c29533b2f8629fe9684755b97294f795"
        },
        {
          "type": "image",
          "assetId": "DHo2wVu55nnc",
          "checksum": "ea544c11d7097c92fdbc279d92049ac3"
        },
        {
          "type": "renderModule",
          "assetId": "U2Kerc5XLq-k",
          "checksum": "7dc094fd981c054c7f618fb92735527a"
        },
        {
          "type": "cssRules",
          "assetId": "U2Kerc5XLq-k",
          "checksum": "7dc094fd981c054c7f618fb92735527a"
        },
        {
          "type": "renderModule",
          "assetId": "OpQMM9AUOZ_Z",
          "checksum": "866ea83b8408d4be6b02c47c855d9eef"
        },
        {
          "type": "cssRules",
          "assetId": "OpQMM9AUOZ_Z",
          "checksum": "866ea83b8408d4be6b02c47c855d9eef"
        },
        {
          "type": "renderModule",
          "assetId": "TiCcXgd4KHla",
          "checksum": "6f63cb9a71154d4f62e8e4f1c286a8d7"
        },
        {
          "type": "cssRules",
          "assetId": "TiCcXgd4KHla",
          "checksum": "6f63cb9a71154d4f62e8e4f1c286a8d7"
        },
        {
          "type": "image",
          "assetId": "mo5o34JYnE-Q",
          "checksum": "0896551324d50a8dec969a9087c9bc87"
        },
        {
          "type": "image",
          "assetId": "BU9BkrF1rFFf",
          "checksum": "ef964ed692f508e14cad096300dfdf19"
        },
        {
          "type": "image",
          "assetId": "k1BauLETKNa-",
          "checksum": "69c10f467e9a709a365b96657d0fdfad"
        },
        {
          "type": "image",
          "assetId": "CeqAbVOMJu-X",
          "checksum": "6d584b9e76bf340be174e12a8e1a8be9"
        },
        {
          "type": "renderModule",
          "assetId": "i-SY_4Jw_zXO",
          "checksum": "6bc0746e04e5edf59010d2312cff924b"
        },
        {
          "type": "cssRules",
          "assetId": "i-SY_4Jw_zXO",
          "checksum": "6bc0746e04e5edf59010d2312cff924b"
        },
        {
          "type": "renderModule",
          "assetId": "grc1NiYiwh6V",
          "checksum": "5f5405432f92bebf04c78a7c431836d6"
        },
        {
          "type": "cssRules",
          "assetId": "grc1NiYiwh6V",
          "checksum": "5f5405432f92bebf04c78a7c431836d6"
        },
        {
          "type": "image",
          "assetId": "tl6fdO68IsE0",
          "checksum": "05bdf425173a23d1d3022a078709c4e3"
        },
        {
          "type": "image",
          "assetId": "M_E6h-nF-jot",
          "checksum": "8a19a48c044208e54e4beff362bd1104"
        },
        {
          "type": "image",
          "assetId": "m7nomYOaKM1O",
          "checksum": "79efca921a36e8462c0e6e1972d0fdae"
        },
        {
          "type": "image",
          "assetId": "0nD8kkN5drtH",
          "checksum": "44320ac54e1e48bd87a24d384c61892c"
        },
        {
          "type": "renderModule",
          "assetId": "7vGKiFAlWbiu",
          "checksum": "7db477b3d9816cab050acf86c97ad4b2"
        },
        {
          "type": "cssRules",
          "assetId": "7vGKiFAlWbiu",
          "checksum": "7db477b3d9816cab050acf86c97ad4b2"
        },
        {
          "type": "image",
          "assetId": "dVlSAYhj_Uyk",
          "checksum": "e3a1b742da07d8005c30fedb71448792"
        },
        {
          "type": "image",
          "assetId": "3e4claG-mW_t",
          "checksum": "2a2152e7c7bd2b5859e93bc3260648fc"
        },
        {
          "type": "image",
          "assetId": "QeIpUd1_5gqq",
          "checksum": "7d31bcf86989b92cb1f15f918efd1378"
        },
        {
          "type": "image",
          "assetId": "lpIJCPYAqz42",
          "checksum": "12b71533626c15c2a86192a3bdce64a9"
        },
        {
          "type": "image",
          "assetId": "tMntaKjsyQyb",
          "checksum": "6e291bc711bfb60013b13d0afa11df28"
        },
        {
          "type": "image",
          "assetId": "0rlYkL6nE1g5",
          "checksum": "574822436b46d8db675e5b0f24021b2f"
        },
        {
          "type": "renderModule",
          "assetId": "mDg8KiKSTaY6",
          "checksum": "69ee917aa0d488ac3c2da9e5e13ec75e"
        },
        {
          "type": "cssRules",
          "assetId": "mDg8KiKSTaY6",
          "checksum": "69ee917aa0d488ac3c2da9e5e13ec75e"
        },
        {
          "type": "renderModule",
          "assetId": "DPMq_tkF9xQT",
          "checksum": "26fa026aaaaa52322b992ab40afcfe26"
        },
        {
          "type": "cssRules",
          "assetId": "DPMq_tkF9xQT",
          "checksum": "26fa026aaaaa52322b992ab40afcfe26"
        },
        {
          "assetId": "8d21MsEaFrjU1q6tvNDHvf",
          "checksum": "5a1fde1562498626813a9a5e546cfe19",
          "type": "projectModule"
        },
        {
          "assetId": "8d21MsEaFrjU1q6tvNDHvf",
          "checksum": "73facd7122ec6385b094d814e468e574",
          "type": "styleTokensProvider"
        },
        {
          "assetId": "8d21MsEaFrjU1q6tvNDHvf",
          "type": "projectCss",
          "checksum": "e60532f9f6583f4b4ecf098103c0ff45"
        }
      ],
      "codegenVersion": "0.0.1"
    },
    {
      "projectId": "caTPwKxj5ZrD9LQ7DMdK4Z",
      "version": "3.45.0",
      "dependencies": {},
      "lang": "ts",
      "fileLocks": [
        {
          "assetId": "caTPwKxj5ZrD9LQ7DMdK4Z",
          "type": "projectCss",
          "checksum": "fd97b5780f8a68a1561c8818e6d31f40"
        },
        {
          "assetId": "caTPwKxj5ZrD9LQ7DMdK4Z",
          "checksum": "efdcd613ac98718578f9c563cd75fd38",
          "type": "projectModule"
        },
        {
          "assetId": "caTPwKxj5ZrD9LQ7DMdK4Z",
          "checksum": "036e482ed9f047c7d061cf34e4d57231",
          "type": "styleTokensProvider"
        }
      ],
      "codegenVersion": "0.0.1"
    }
  ],
  "cliVersion": "0.1.334"
}
