{
  "projects": [
    {
      "projectId": "8d21MsEaFrjU1q6tvNDHvf",
      "version": "latest",
      "dependencies": {},
      "lang": "ts",
      "fileLocks": [
        {
          "type": "globalVariant",
          "assetId": "9hyy9kzWn8qX",
          "checksum": "ae2d5e8d893f3ce9535f7d3c5b91fa45"
        },
        {
          "assetId": "8d21MsEaFrjU1q6tvNDHvf",
          "type": "projectCss",
          "checksum": "30fe82ed1e1af86325783df319dae964"
        },
        {
          "type": "renderModule",
          "assetId": "naIXsK3v5aem",
          "checksum": "b9b7a8c04cd82a2e6baff9c7e2fc40e4"
        },
        {
          "type": "cssRules",
          "assetId": "naIXsK3v5aem",
          "checksum": "b9b7a8c04cd82a2e6baff9c7e2fc40e4"
        },
        {
          "type": "image",
          "assetId": "_xhZJYsVVryJ",
          "checksum": "85e07fb77aa2e4e9cb41e3a09957e97f"
        },
        {
          "type": "image",
          "assetId": "j8w45dtUW_G7",
          "checksum": "6285adfd306ded83a7ebaaa903b481a4"
        },
        {
          "type": "image",
          "assetId": "zM0W2OAHrCye",
          "checksum": "0293324064bc38ffaa0394fcf688e84b"
        },
        {
          "type": "image",
          "assetId": "Km1cvc606hw_",
          "checksum": "2de0db75c43a294cfa6002eeb0e049d8"
        },
        {
          "type": "image",
          "assetId": "n4YMfR2vg50H",
          "checksum": "1bc2aa67d69029e82079a1badfed95d3"
        },
        {
          "type": "image",
          "assetId": "GKTFFg0W6Ghi",
          "checksum": "d47034dc6ec9e658d5fed4d400dabb09"
        },
        {
          "type": "image",
          "assetId": "W6DfuZdEw3dI",
          "checksum": "57601522acdcb0b7bf453bdee20b8c18"
        },
        {
          "type": "image",
          "assetId": "Qu3ePH1zT8xK",
          "checksum": "16e7ee5d675c382f6340dd64f561e9ab"
        },
        {
          "type": "image",
          "assetId": "1xCjpfkcJzyF",
          "checksum": "5255a58bacd880260e8ce102f4d8a18c"
        },
        {
          "type": "image",
          "assetId": "rhfhrYbXr0Ac",
          "checksum": "d5802d8861a9abb35f9e2213c185f23e"
        },
        {
          "type": "image",
          "assetId": "SaSqd2P8CzJa",
          "checksum": "30f6fd03001e34642e04509c38647908"
        },
        {
          "type": "image",
          "assetId": "uggnEUUegoDF",
          "checksum": "c93429cc58e7cd96ecaf601e1717d03f"
        },
        {
          "type": "image",
          "assetId": "kHLf1tz0Gaee",
          "checksum": "28591954301ee8dd2f22a905efbdb461"
        },
        {
          "type": "image",
          "assetId": "4iRaGC0XuEEn",
          "checksum": "87e5036526f2d9284de754f05c1e7324"
        },
        {
          "type": "image",
          "assetId": "wJoJD9h1nb9B",
          "checksum": "c29533b2f8629fe9684755b97294f795"
        },
        {
          "type": "image",
          "assetId": "DHo2wVu55nnc",
          "checksum": "ea544c11d7097c92fdbc279d92049ac3"
        }
      ],
      "codegenVersion": "0.0.1"
    }
  ],
  "cliVersion": "0.1.334"
}
